
Microsoft Visual Studio Solution File, Format Version 12.00
# Visual Studio Version 17
VisualStudioVersion = 17.6.33927.249
MinimumVisualStudioVersion = 10.0.40219.1
Project("{8BC9CEB8-8B4A-11D0-8D11-00A0C91BC942}") = "bard", "bard\bard.vcxproj", "{AEEAFBE0-011C-413B-8822-465554EED525}"
EndProject
Global
	GlobalSection(SolutionConfigurationPlatforms) = preSolution
		Debug|x64 = Debug|x64
		Debug|x86 = Debug|x86
		Release|x64 = Release|x64
		Release|x86 = Release|x86
	EndGlobalSection
	GlobalSection(ProjectConfigurationPlatforms) = postSolution
		{AEEAFBE0-011C-413B-8822-465554EED525}.Debug|x64.ActiveCfg = Debug|x64
		{AEEAFBE0-011C-413B-8822-465554EED525}.Debug|x64.Build.0 = Debug|x64
		{AEEAFBE0-011C-413B-8822-465554EED525}.Debug|x86.ActiveCfg = Debug|Win32
		{AEEAFBE0-011C-413B-8822-465554EED525}.Debug|x86.Build.0 = Debug|Win32
		{AEEAFBE0-011C-413B-8822-465554EED525}.Release|x64.ActiveCfg = Release|x64
		{AEEAFBE0-011C-413B-8822-465554EED525}.Release|x64.Build.0 = Release|x64
		{AEEAFBE0-011C-413B-8822-465554EED525}.Release|x86.ActiveCfg = Release|Win32
		{AEEAFBE0-011C-413B-8822-465554EED525}.Release|x86.Build.0 = Release|Win32
	EndGlobalSection
	GlobalSection(SolutionProperties) = preSolution
		HideSolutionNode = FALSE
	EndGlobalSection
	GlobalSection(ExtensibilityGlobals) = postSolution
		SolutionGuid = {D24FB6DF-32D5-49F2-96B8-17C4EB511046}
	EndGlobalSection
EndGlobal
